
Microsoft Visual Studio Solution File, Format Version 12.00
# Visual Studio Version 17
VisualStudioVersion = 17.3.32901.215
MinimumVisualStudioVersion = 10.0.40219.1
Project("{FAE04EC0-301F-11D3-BF4B-00C04F79EFBC}") = "Kontrolltoo_mang", "Kontrolltoo_mang.csproj", "{F1B4910D-12F7-4164-8080-572CB164BAE0}"
EndProject
Global
	GlobalSection(SolutionConfigurationPlatforms) = preSolution
		Debug|Any CPU = Debug|Any CPU
		Release|Any CPU = Release|Any CPU
	EndGlobalSection
	GlobalSection(ProjectConfigurationPlatforms) = postSolution
		{F1B4910D-12F7-4164-8080-572CB164BAE0}.Debug|Any CPU.ActiveCfg = Debug|Any CPU
		{F1B4910D-12F7-4164-8080-572CB164BAE0}.Debug|Any CPU.Build.0 = Debug|Any CPU
		{F1B4910D-12F7-4164-8080-572CB164BAE0}.Release|Any CPU.ActiveCfg = Release|Any CPU
		{F1B4910D-12F7-4164-8080-572CB164BAE0}.Release|Any CPU.Build.0 = Release|Any CPU
	EndGlobalSection
	GlobalSection(SolutionProperties) = preSolution
		HideSolutionNode = FALSE
	EndGlobalSection
	GlobalSection(ExtensibilityGlobals) = postSolution
		SolutionGuid = {0934F865-C780-4485-BB1A-3176023B4557}
	EndGlobalSection
EndGlobal
